name: Semgrep CI (Block on Vulnerabilities)

on:
  pull_request:
    branches: [ main, master ]

jobs:
  semgrep:
    runs-on: ubuntu-latest
    steps:
      - name: Checkout code
        uses: actions/checkout@v4
      
      - name: Install Semgrep
        run: python -m pip install semgrep
      
      - name: Run Semgrep (fail if vulnerabilities found)
        run: semgrep --config "p/owasp-top-ten" --error
